{
  "format_version": 1,
  "elements": [
    {
      "reference": "cognition.TextModel",
      "identity": {
        "name": "cognition.TextModel",
        "revision": 2,
        "digest": "sha256:2d2e3e9848fd63da995721c81c5eec6a8fcb969fe69585ad4e96630f31b37f31"
      }
    },
    {
      "reference": "flow.Tee",
      "identity": {
        "name": "flow.Tee",
        "revision": 1,
        "digest": "sha256:54c309b4fa80950ca8815b63de7bb84947c9aa890fc3f638cd6a5afc574e40d6"
      }
    },
    {
      "reference": "interaction.ControlSerializationQuarantine",
      "identity": {
        "name": "interaction.ControlSerializationQuarantine",
        "revision": 2,
        "digest": "sha256:f5d773fcdfe5fe831b37e853185bea03ef86276f5b30999532d8cecb33654f62"
      }
    },
    {
      "reference": "interaction.SegmentPreparedText",
      "identity": {
        "name": "interaction.SegmentPreparedText",
        "revision": 2,
        "digest": "sha256:ad7fdc3e85e47f1aa24e6f23745b47f708f358a0eac028b5711fb7c2e2dda480"
      }
    }
  ]
}
