{
  "format_version": 1,
  "elements": [
    {
      "reference": "policy.GenerateOnObservation",
      "identity": {
        "name": "policy.GenerateOnObservation",
        "revision": 1,
        "digest": "sha256:4c45180c1dac44fcfb55205807d4d073ec737cfae7eace0d13e09a6f77852394"
      }
    }
  ]
}
